
Microsoft Visual Studio Solution File, Format Version 12.00
# Visual Studio Version 17
VisualStudioVersion = 17.3.32825.248
MinimumVisualStudioVersion = 10.0.40219.1
Project("{FAE04EC0-301F-11D3-BF4B-00C04F79EFBC}") = "ChatApp", "ChatApp.csproj", "{A10C7E3B-94F2-4FD5-9E17-6F10513031E7}"
EndProject
Global
	GlobalSection(SolutionConfigurationPlatforms) = preSolution
		Debug|Any CPU = Debug|Any CPU
		Release|Any CPU = Release|Any CPU
	EndGlobalSection
	GlobalSection(ProjectConfigurationPlatforms) = postSolution
		{A10C7E3B-94F2-4FD5-9E17-6F10513031E7}.Debug|Any CPU.ActiveCfg = Debug|Any CPU
		{A10C7E3B-94F2-4FD5-9E17-6F10513031E7}.Debug|Any CPU.Build.0 = Debug|Any CPU
		{A10C7E3B-94F2-4FD5-9E17-6F10513031E7}.Release|Any CPU.ActiveCfg = Release|Any CPU
		{A10C7E3B-94F2-4FD5-9E17-6F10513031E7}.Release|Any CPU.Build.0 = Release|Any CPU
	EndGlobalSection
	GlobalSection(SolutionProperties) = preSolution
		HideSolutionNode = FALSE
	EndGlobalSection
	GlobalSection(ExtensibilityGlobals) = postSolution
		SolutionGuid = {7A01F359-249A-42F4-8A59-474CD8E2B758}
	EndGlobalSection
EndGlobal
